
Microsoft Visual Studio Solution File, Format Version 12.00
# Visual Studio 15
VisualStudioVersion = 15.0.28307.960
MinimumVisualStudioVersion = 10.0.40219.1
Project("{FAE04EC0-301F-11D3-BF4B-00C04F79EFBC}") = "AtTheMovies", "AtTheMovies\AtTheMovies.csproj", "{A5F64564-2C61-4154-A555-5758248C251C}"
EndProject
Global
	GlobalSection(SolutionConfigurationPlatforms) = preSolution
		Debug|Any CPU = Debug|Any CPU
		Release|Any CPU = Release|Any CPU
	EndGlobalSection
	GlobalSection(ProjectConfigurationPlatforms) = postSolution
		{A5F64564-2C61-4154-A555-5758248C251C}.Debug|Any CPU.ActiveCfg = Debug|Any CPU
		{A5F64564-2C61-4154-A555-5758248C251C}.Debug|Any CPU.Build.0 = Debug|Any CPU
		{A5F64564-2C61-4154-A555-5758248C251C}.Release|Any CPU.ActiveCfg = Release|Any CPU
		{A5F64564-2C61-4154-A555-5758248C251C}.Release|Any CPU.Build.0 = Release|Any CPU
	EndGlobalSection
	GlobalSection(SolutionProperties) = preSolution
		HideSolutionNode = FALSE
	EndGlobalSection
	GlobalSection(ExtensibilityGlobals) = postSolution
		SolutionGuid = {27242718-47F3-4E6D-B3FF-9854621AA4A9}
	EndGlobalSection
EndGlobal
