
Microsoft Visual Studio Solution File, Format Version 12.00
# Visual Studio 15
VisualStudioVersion = 15.0.28307.960
MinimumVisualStudioVersion = 10.0.40219.1
Project("{FAE04EC0-301F-11D3-BF4B-00C04F79EFBC}") = "GeekQuiz", "GeekQuiz\GeekQuiz.csproj", "{AE1CE22A-F951-48F4-821E-1EFFB67CF774}"
EndProject
Global
	GlobalSection(SolutionConfigurationPlatforms) = preSolution
		Debug|Any CPU = Debug|Any CPU
		Release|Any CPU = Release|Any CPU
	EndGlobalSection
	GlobalSection(ProjectConfigurationPlatforms) = postSolution
		{AE1CE22A-F951-48F4-821E-1EFFB67CF774}.Debug|Any CPU.ActiveCfg = Debug|Any CPU
		{AE1CE22A-F951-48F4-821E-1EFFB67CF774}.Debug|Any CPU.Build.0 = Debug|Any CPU
		{AE1CE22A-F951-48F4-821E-1EFFB67CF774}.Release|Any CPU.ActiveCfg = Release|Any CPU
		{AE1CE22A-F951-48F4-821E-1EFFB67CF774}.Release|Any CPU.Build.0 = Release|Any CPU
	EndGlobalSection
	GlobalSection(SolutionProperties) = preSolution
		HideSolutionNode = FALSE
	EndGlobalSection
	GlobalSection(ExtensibilityGlobals) = postSolution
		SolutionGuid = {DF20AA2C-A79A-4AEB-9E4C-18F30CC76857}
	EndGlobalSection
EndGlobal
