
Microsoft Visual Studio Solution File, Format Version 12.00
# Visual Studio 15
VisualStudioVersion = 15.0.28307.960
MinimumVisualStudioVersion = 10.0.40219.1
Project("{FAE04EC0-301F-11D3-BF4B-00C04F79EFBC}") = "ProductsApp", "ProductsApp\ProductsApp.csproj", "{C8703E39-258A-4EFF-8E98-5CACDB47BA78}"
EndProject
Global
	GlobalSection(SolutionConfigurationPlatforms) = preSolution
		Debug|Any CPU = Debug|Any CPU
		Release|Any CPU = Release|Any CPU
	EndGlobalSection
	GlobalSection(ProjectConfigurationPlatforms) = postSolution
		{C8703E39-258A-4EFF-8E98-5CACDB47BA78}.Debug|Any CPU.ActiveCfg = Debug|Any CPU
		{C8703E39-258A-4EFF-8E98-5CACDB47BA78}.Debug|Any CPU.Build.0 = Debug|Any CPU
		{C8703E39-258A-4EFF-8E98-5CACDB47BA78}.Release|Any CPU.ActiveCfg = Release|Any CPU
		{C8703E39-258A-4EFF-8E98-5CACDB47BA78}.Release|Any CPU.Build.0 = Release|Any CPU
	EndGlobalSection
	GlobalSection(SolutionProperties) = preSolution
		HideSolutionNode = FALSE
	EndGlobalSection
	GlobalSection(ExtensibilityGlobals) = postSolution
		SolutionGuid = {DF5A7144-D515-47B4-8D19-4BA9FA3F53ED}
	EndGlobalSection
EndGlobal
